
Microsoft Visual Studio Solution File, Format Version 12.00
# Visual Studio Version 16
VisualStudioVersion = 16.0.32126.315
MinimumVisualStudioVersion = 10.0.40219.1
Project("{FAE04EC0-301F-11D3-BF4B-00C04F79EFBC}") = "Blood Donor Management System", "Blood Donor Management System\Blood Donor Management System.csproj", "{46FDBB49-13C9-4F19-8E16-A99D373C7D38}"
EndProject
Global
	GlobalSection(SolutionConfigurationPlatforms) = preSolution
		Debug|Any CPU = Debug|Any CPU
		Release|Any CPU = Release|Any CPU
	EndGlobalSection
	GlobalSection(ProjectConfigurationPlatforms) = postSolution
		{46FDBB49-13C9-4F19-8E16-A99D373C7D38}.Debug|Any CPU.ActiveCfg = Debug|Any CPU
		{46FDBB49-13C9-4F19-8E16-A99D373C7D38}.Debug|Any CPU.Build.0 = Debug|Any CPU
		{46FDBB49-13C9-4F19-8E16-A99D373C7D38}.Release|Any CPU.ActiveCfg = Release|Any CPU
		{46FDBB49-13C9-4F19-8E16-A99D373C7D38}.Release|Any CPU.Build.0 = Release|Any CPU
	EndGlobalSection
	GlobalSection(SolutionProperties) = preSolution
		HideSolutionNode = FALSE
	EndGlobalSection
	GlobalSection(ExtensibilityGlobals) = postSolution
		SolutionGuid = {EC240C29-98FA-4EDC-91B9-7D8906C12C51}
	EndGlobalSection
EndGlobal
